// !$*UTF8*$!
{
	archiveVersion = 1;
	classes = {
	};
	objectVersion = 56;
	objects = {

/* Begin PBXBuildFile section */
		AB58570D2935E257005D48DE /* AppDelegate.swift in Sources */ = {isa = PBXBuildFile; fileRef = AB58570C2935E257005D48DE /* AppDelegate.swift */; };
		AB58570F2935E257005D48DE /* SceneDelegate.swift in Sources */ = {isa = PBXBuildFile; fileRef = AB58570E2935E257005D48DE /* SceneDelegate.swift */; };
		AB5857112935E257005D48DE /* HomeViewController.swift in Sources */ = {isa = PBXBuildFile; fileRef = AB5857102935E257005D48DE /* HomeViewController.swift */; };
		AB5857142935E257005D48DE /* Main.storyboard in Resources */ = {isa = PBXBuildFile; fileRef = AB5857122935E257005D48DE /* Main.storyboard */; };
		AB5857162935E258005D48DE /* Assets.xcassets in Resources */ = {isa = PBXBuildFile; fileRef = AB5857152935E258005D48DE /* Assets.xcassets */; };
		AB5857192935E258005D48DE /* LaunchScreen.storyboard in Resources */ = {isa = PBXBuildFile; fileRef = AB5857172935E258005D48DE /* LaunchScreen.storyboard */; };
		ABDC53D22935E2B800D6EF0B /* SnapKit in Frameworks */ = {isa = PBXBuildFile; productRef = ABDC53D12935E2B800D6EF0B /* SnapKit */; };
		ABDC53D52935E2FA00D6EF0B /* Then in Frameworks */ = {isa = PBXBuildFile; productRef = ABDC53D42935E2FA00D6EF0B /* Then */; };
		ABDC53D82935E30500D6EF0B /* SwiftyColor in Frameworks */ = {isa = PBXBuildFile; productRef = ABDC53D72935E30500D6EF0B /* SwiftyColor */; };
		ABDC53DD2935E37900D6EF0B /* UIVIew+.swift in Sources */ = {isa = PBXBuildFile; fileRef = ABDC53DC2935E37900D6EF0B /* UIVIew+.swift */; };
		ABDC53E42935E49400D6EF0B /* CategoryViewController.swift in Sources */ = {isa = PBXBuildFile; fileRef = ABDC53E32935E49400D6EF0B /* CategoryViewController.swift */; };
		ABDC53E72935E4B600D6EF0B /* SearchViewController.swift in Sources */ = {isa = PBXBuildFile; fileRef = ABDC53E62935E4B600D6EF0B /* SearchViewController.swift */; };
		ABDC53EA2935E4C800D6EF0B /* ProfileViewController.swift in Sources */ = {isa = PBXBuildFile; fileRef = ABDC53E92935E4C800D6EF0B /* ProfileViewController.swift */; };
		ABDC53ED2935E82D00D6EF0B /* TabBarController.swift in Sources */ = {isa = PBXBuildFile; fileRef = ABDC53EC2935E82D00D6EF0B /* TabBarController.swift */; };
		ABDC53EF2935EBB500D6EF0B /* UIColor+.swift in Sources */ = {isa = PBXBuildFile; fileRef = ABDC53EE2935EBB500D6EF0B /* UIColor+.swift */; };
/* End PBXBuildFile section */

/* Begin PBXFileReference section */
		AB5857092935E257005D48DE /* Kurly.app */ = {isa = PBXFileReference; explicitFileType = wrapper.application; includeInIndex = 0; path = Kurly.app; sourceTree = BUILT_PRODUCTS_DIR; };
		AB58570C2935E257005D48DE /* AppDelegate.swift */ = {isa = PBXFileReference; lastKnownFileType = sourcecode.swift; path = AppDelegate.swift; sourceTree = "<group>"; };
		AB58570E2935E257005D48DE /* SceneDelegate.swift */ = {isa = PBXFileReference; lastKnownFileType = sourcecode.swift; path = SceneDelegate.swift; sourceTree = "<group>"; };
		AB5857102935E257005D48DE /* HomeViewController.swift */ = {isa = PBXFileReference; lastKnownFileType = sourcecode.swift; path = HomeViewController.swift; sourceTree = "<group>"; };
		AB5857132935E257005D48DE /* Base */ = {isa = PBXFileReference; lastKnownFileType = file.storyboard; name = Base; path = Base.lproj/Main.storyboard; sourceTree = "<group>"; };
		AB5857152935E258005D48DE /* Assets.xcassets */ = {isa = PBXFileReference; lastKnownFileType = folder.assetcatalog; path = Assets.xcassets; sourceTree = "<group>"; };
		AB5857182935E258005D48DE /* Base */ = {isa = PBXFileReference; lastKnownFileType = file.storyboard; name = Base; path = Base.lproj/LaunchScreen.storyboard; sourceTree = "<group>"; };
		AB58571A2935E258005D48DE /* Info.plist */ = {isa = PBXFileReference; lastKnownFileType = text.plist.xml; path = Info.plist; sourceTree = "<group>"; };
		ABDC53DC2935E37900D6EF0B /* UIVIew+.swift */ = {isa = PBXFileReference; lastKnownFileType = sourcecode.swift; path = "UIVIew+.swift"; sourceTree = "<group>"; };
		ABDC53E32935E49400D6EF0B /* CategoryViewController.swift */ = {isa = PBXFileReference; lastKnownFileType = sourcecode.swift; path = CategoryViewController.swift; sourceTree = "<group>"; };
		ABDC53E62935E4B600D6EF0B /* SearchViewController.swift */ = {isa = PBXFileReference; lastKnownFileType = sourcecode.swift; path = SearchViewController.swift; sourceTree = "<group>"; };
		ABDC53E92935E4C800D6EF0B /* ProfileViewController.swift */ = {isa = PBXFileReference; lastKnownFileType = sourcecode.swift; path = ProfileViewController.swift; sourceTree = "<group>"; };
		ABDC53EC2935E82D00D6EF0B /* TabBarController.swift */ = {isa = PBXFileReference; lastKnownFileType = sourcecode.swift; path = TabBarController.swift; sourceTree = "<group>"; };
		ABDC53EE2935EBB500D6EF0B /* UIColor+.swift */ = {isa = PBXFileReference; lastKnownFileType = sourcecode.swift; path = "UIColor+.swift"; sourceTree = "<group>"; };
/* End PBXFileReference section */

/* Begin PBXFrameworksBuildPhase section */
		AB5857062935E257005D48DE /* Frameworks */ = {
			isa = PBXFrameworksBuildPhase;
			buildActionMask = 2147483647;
			files = (
				ABDC53D22935E2B800D6EF0B /* SnapKit in Frameworks */,
				ABDC53D82935E30500D6EF0B /* SwiftyColor in Frameworks */,
				ABDC53D52935E2FA00D6EF0B /* Then in Frameworks */,
			);
			runOnlyForDeploymentPostprocessing = 0;
		};
/* End PBXFrameworksBuildPhase section */

/* Begin PBXGroup section */
		AB5857002935E257005D48DE = {
			isa = PBXGroup;
			children = (
				AB58570B2935E257005D48DE /* Kurly */,
				AB58570A2935E257005D48DE /* Products */,
			);
			sourceTree = "<group>";
		};
		AB58570A2935E257005D48DE /* Products */ = {
			isa = PBXGroup;
			children = (
				AB5857092935E257005D48DE /* Kurly.app */,
			);
			name = Products;
			sourceTree = "<group>";
		};
		AB58570B2935E257005D48DE /* Kurly */ = {
			isa = PBXGroup;
			children = (
				ABDC53DA2935E35F00D6EF0B /* Global */,
				ABDC53D92935E35700D6EF0B /* Application */,
				ABDC53DE2935E3EE00D6EF0B /* Resources */,
				ABDC53DF2935E40A00D6EF0B /* Presentation */,
			);
			path = Kurly;
			sourceTree = "<group>";
		};
		ABDC53D92935E35700D6EF0B /* Application */ = {
			isa = PBXGroup;
			children = (
				AB58571A2935E258005D48DE /* Info.plist */,
				AB58570C2935E257005D48DE /* AppDelegate.swift */,
				AB58570E2935E257005D48DE /* SceneDelegate.swift */,
			);
			path = Application;
			sourceTree = "<group>";
		};
		ABDC53DA2935E35F00D6EF0B /* Global */ = {
			isa = PBXGroup;
			children = (
				ABDC53DB2935E36400D6EF0B /* Extension */,
			);
			path = Global;
			sourceTree = "<group>";
		};
		ABDC53DB2935E36400D6EF0B /* Extension */ = {
			isa = PBXGroup;
			children = (
				ABDC53DC2935E37900D6EF0B /* UIVIew+.swift */,
				ABDC53EE2935EBB500D6EF0B /* UIColor+.swift */,
			);
			path = Extension;
			sourceTree = "<group>";
		};
		ABDC53DE2935E3EE00D6EF0B /* Resources */ = {
			isa = PBXGroup;
			children = (
				AB5857152935E258005D48DE /* Assets.xcassets */,
				AB5857122935E257005D48DE /* Main.storyboard */,
				AB5857172935E258005D48DE /* LaunchScreen.storyboard */,
			);
			path = Resources;
			sourceTree = "<group>";
		};
		ABDC53DF2935E40A00D6EF0B /* Presentation */ = {
			isa = PBXGroup;
			children = (
				ABDC53EB2935E80800D6EF0B /* TabBar */,
				ABDC53E12935E45400D6EF0B /* Home */,
				ABDC53E22935E47300D6EF0B /* Category */,
				ABDC53E52935E4A800D6EF0B /* Search */,
				ABDC53E82935E4BC00D6EF0B /* Profile */,
			);
			path = Presentation;
			sourceTree = "<group>";
		};
		ABDC53E12935E45400D6EF0B /* Home */ = {
			isa = PBXGroup;
			children = (
				AB5857102935E257005D48DE /* HomeViewController.swift */,
			);
			path = Home;
			sourceTree = "<group>";
		};
		ABDC53E22935E47300D6EF0B /* Category */ = {
			isa = PBXGroup;
			children = (
				ABDC53E32935E49400D6EF0B /* CategoryViewController.swift */,
			);
			path = Category;
			sourceTree = "<group>";
		};
		ABDC53E52935E4A800D6EF0B /* Search */ = {
			isa = PBXGroup;
			children = (
				ABDC53E62935E4B600D6EF0B /* SearchViewController.swift */,
			);
			path = Search;
			sourceTree = "<group>";
		};
		ABDC53E82935E4BC00D6EF0B /* Profile */ = {
			isa = PBXGroup;
			children = (
				ABDC53E92935E4C800D6EF0B /* ProfileViewController.swift */,
			);
			path = Profile;
			sourceTree = "<group>";
		};
		ABDC53EB2935E80800D6EF0B /* TabBar */ = {
			isa = PBXGroup;
			children = (
				ABDC53EC2935E82D00D6EF0B /* TabBarController.swift */,
			);
			path = TabBar;
			sourceTree = "<group>";
		};
/* End PBXGroup section */

/* Begin PBXNativeTarget section */
		AB5857082935E257005D48DE /* Kurly */ = {
			isa = PBXNativeTarget;
			buildConfigurationList = AB58571D2935E258005D48DE /* Build configuration list for PBXNativeTarget "Kurly" */;
			buildPhases = (
				AB5857052935E257005D48DE /* Sources */,
				AB5857062935E257005D48DE /* Frameworks */,
				AB5857072935E257005D48DE /* Resources */,
			);
			buildRules = (
			);
			dependencies = (
			);
			name = Kurly;
			packageProductDependencies = (
				ABDC53D12935E2B800D6EF0B /* SnapKit */,
				ABDC53D42935E2FA00D6EF0B /* Then */,
				ABDC53D72935E30500D6EF0B /* SwiftyColor */,
			);
			productName = Kurly;
			productReference = AB5857092935E257005D48DE /* Kurly.app */;
			productType = "com.apple.product-type.application";
		};
/* End PBXNativeTarget section */

/* Begin PBXProject section */
		AB5857012935E257005D48DE /* Project object */ = {
			isa = PBXProject;
			attributes = {
				BuildIndependentTargetsInParallel = 1;
				LastSwiftUpdateCheck = 1400;
				LastUpgradeCheck = 1400;
				TargetAttributes = {
					AB5857082935E257005D48DE = {
						CreatedOnToolsVersion = 14.0.1;
					};
				};
			};
			buildConfigurationList = AB5857042935E257005D48DE /* Build configuration list for PBXProject "Kurly" */;
			compatibilityVersion = "Xcode 14.0";
			developmentRegion = en;
			hasScannedForEncodings = 0;
			knownRegions = (
				en,
				Base,
			);
			mainGroup = AB5857002935E257005D48DE;
			packageReferences = (
				ABDC53D02935E2B700D6EF0B /* XCRemoteSwiftPackageReference "SnapKit" */,
				ABDC53D32935E2FA00D6EF0B /* XCRemoteSwiftPackageReference "Then" */,
				ABDC53D62935E30500D6EF0B /* XCRemoteSwiftPackageReference "SwiftyColor" */,
			);
			productRefGroup = AB58570A2935E257005D48DE /* Products */;
			projectDirPath = "";
			projectRoot = "";
			targets = (
				AB5857082935E257005D48DE /* Kurly */,
			);
		};
/* End PBXProject section */

/* Begin PBXResourcesBuildPhase section */
		AB5857072935E257005D48DE /* Resources */ = {
			isa = PBXResourcesBuildPhase;
			buildActionMask = 2147483647;
			files = (
				AB5857192935E258005D48DE /* LaunchScreen.storyboard in Resources */,
				AB5857162935E258005D48DE /* Assets.xcassets in Resources */,
				AB5857142935E257005D48DE /* Main.storyboard in Resources */,
			);
			runOnlyForDeploymentPostprocessing = 0;
		};
/* End PBXResourcesBuildPhase section */

/* Begin PBXSourcesBuildPhase section */
		AB5857052935E257005D48DE /* Sources */ = {
			isa = PBXSourcesBuildPhase;
			buildActionMask = 2147483647;
			files = (
				ABDC53E72935E4B600D6EF0B /* SearchViewController.swift in Sources */,
				ABDC53ED2935E82D00D6EF0B /* TabBarController.swift in Sources */,
				ABDC53E42935E49400D6EF0B /* CategoryViewController.swift in Sources */,
				ABDC53DD2935E37900D6EF0B /* UIVIew+.swift in Sources */,
				AB5857112935E257005D48DE /* HomeViewController.swift in Sources */,
				ABDC53EA2935E4C800D6EF0B /* ProfileViewController.swift in Sources */,
				AB58570D2935E257005D48DE /* AppDelegate.swift in Sources */,
				AB58570F2935E257005D48DE /* SceneDelegate.swift in Sources */,
				ABDC53EF2935EBB500D6EF0B /* UIColor+.swift in Sources */,
			);
			runOnlyForDeploymentPostprocessing = 0;
		};
/* End PBXSourcesBuildPhase section */

/* Begin PBXVariantGroup section */
		AB5857122935E257005D48DE /* Main.storyboard */ = {
			isa = PBXVariantGroup;
			children = (
				AB5857132935E257005D48DE /* Base */,
			);
			name = Main.storyboard;
			sourceTree = "<group>";
		};
		AB5857172935E258005D48DE /* LaunchScreen.storyboard */ = {
			isa = PBXVariantGroup;
			children = (
				AB5857182935E258005D48DE /* Base */,
			);
			name = LaunchScreen.storyboard;
			sourceTree = "<group>";
		};
/* End PBXVariantGroup section */

/* Begin XCBuildConfiguration section */
		AB58571B2935E258005D48DE /* Debug */ = {
			isa = XCBuildConfiguration;
			buildSettings = {
				ALWAYS_SEARCH_USER_PATHS = NO;
				CLANG_ANALYZER_NONNULL = YES;
				CLANG_ANALYZER_NUMBER_OBJECT_CONVERSION = YES_AGGRESSIVE;
				CLANG_CXX_LANGUAGE_STANDARD = "gnu++20";
				CLANG_ENABLE_MODULES = YES;
				CLANG_ENABLE_OBJC_ARC = YES;
				CLANG_ENABLE_OBJC_WEAK = YES;
				CLANG_WARN_BLOCK_CAPTURE_AUTORELEASING = YES;
				CLANG_WARN_BOOL_CONVERSION = YES;
				CLANG_WARN_COMMA = YES;
				CLANG_WARN_CONSTANT_CONVERSION = YES;
				CLANG_WARN_DEPRECATED_OBJC_IMPLEMENTATIONS = YES;
				CLANG_WARN_DIRECT_OBJC_ISA_USAGE = YES_ERROR;
				CLANG_WARN_DOCUMENTATION_COMMENTS = YES;
				CLANG_WARN_EMPTY_BODY = YES;
				CLANG_WARN_ENUM_CONVERSION = YES;
				CLANG_WARN_INFINITE_RECURSION = YES;
				CLANG_WARN_INT_CONVERSION = YES;
				CLANG_WARN_NON_LITERAL_NULL_CONVERSION = YES;
				CLANG_WARN_OBJC_IMPLICIT_RETAIN_SELF = YES;
				CLANG_WARN_OBJC_LITERAL_CONVERSION = YES;
				CLANG_WARN_OBJC_ROOT_CLASS = YES_ERROR;
				CLANG_WARN_QUOTED_INCLUDE_IN_FRAMEWORK_HEADER = YES;
				CLANG_WARN_RANGE_LOOP_ANALYSIS = YES;
				CLANG_WARN_STRICT_PROTOTYPES = YES;
				CLANG_WARN_SUSPICIOUS_MOVE = YES;
				CLANG_WARN_UNGUARDED_AVAILABILITY = YES_AGGRESSIVE;
				CLANG_WARN_UNREACHABLE_CODE = YES;
				CLANG_WARN__DUPLICATE_METHOD_MATCH = YES;
				COPY_PHASE_STRIP = NO;
				DEBUG_INFORMATION_FORMAT = dwarf;
				ENABLE_STRICT_OBJC_MSGSEND = YES;
				ENABLE_TESTABILITY = YES;
				GCC_C_LANGUAGE_STANDARD = gnu11;
				GCC_DYNAMIC_NO_PIC = NO;
				GCC_NO_COMMON_BLOCKS = YES;
				GCC_OPTIMIZATION_LEVEL = 0;
				GCC_PREPROCESSOR_DEFINITIONS = (
					"DEBUG=1",
					"$(inherited)",
				);
				GCC_WARN_64_TO_32_BIT_CONVERSION = YES;
				GCC_WARN_ABOUT_RETURN_TYPE = YES_ERROR;
				GCC_WARN_UNDECLARED_SELECTOR = YES;
				GCC_WARN_UNINITIALIZED_AUTOS = YES_AGGRESSIVE;
				GCC_WARN_UNUSED_FUNCTION = YES;
				GCC_WARN_UNUSED_VARIABLE = YES;
				IPHONEOS_DEPLOYMENT_TARGET = 16.0;
				MTL_ENABLE_DEBUG_INFO = INCLUDE_SOURCE;
				MTL_FAST_MATH = YES;
				ONLY_ACTIVE_ARCH = YES;
				SDKROOT = iphoneos;
				SWIFT_ACTIVE_COMPILATION_CONDITIONS = DEBUG;
				SWIFT_OPTIMIZATION_LEVEL = "-Onone";
			};
			name = Debug;
		};
		AB58571C2935E258005D48DE /* Release */ = {
			isa = XCBuildConfiguration;
			buildSettings = {
				ALWAYS_SEARCH_USER_PATHS = NO;
				CLANG_ANALYZER_NONNULL = YES;
				CLANG_ANALYZER_NUMBER_OBJECT_CONVERSION = YES_AGGRESSIVE;
				CLANG_CXX_LANGUAGE_STANDARD = "gnu++20";
				CLANG_ENABLE_MODULES = YES;
				CLANG_ENABLE_OBJC_ARC = YES;
				CLANG_ENABLE_OBJC_WEAK = YES;
				CLANG_WARN_BLOCK_CAPTURE_AUTORELEASING = YES;
				CLANG_WARN_BOOL_CONVERSION = YES;
				CLANG_WARN_COMMA = YES;
				CLANG_WARN_CONSTANT_CONVERSION = YES;
				CLANG_WARN_DEPRECATED_OBJC_IMPLEMENTATIONS = YES;
				CLANG_WARN_DIRECT_OBJC_ISA_USAGE = YES_ERROR;
				CLANG_WARN_DOCUMENTATION_COMMENTS = YES;
				CLANG_WARN_EMPTY_BODY = YES;
				CLANG_WARN_ENUM_CONVERSION = YES;
				CLANG_WARN_INFINITE_RECURSION = YES;
				CLANG_WARN_INT_CONVERSION = YES;
				CLANG_WARN_NON_LITERAL_NULL_CONVERSION = YES;
				CLANG_WARN_OBJC_IMPLICIT_RETAIN_SELF = YES;
				CLANG_WARN_OBJC_LITERAL_CONVERSION = YES;
				CLANG_WARN_OBJC_ROOT_CLASS = YES_ERROR;
				CLANG_WARN_QUOTED_INCLUDE_IN_FRAMEWORK_HEADER = YES;
				CLANG_WARN_RANGE_LOOP_ANALYSIS = YES;
				CLANG_WARN_STRICT_PROTOTYPES = YES;
				CLANG_WARN_SUSPICIOUS_MOVE = YES;
				CLANG_WARN_UNGUARDED_AVAILABILITY = YES_AGGRESSIVE;
				CLANG_WARN_UNREACHABLE_CODE = YES;
				CLANG_WARN__DUPLICATE_METHOD_MATCH = YES;
				COPY_PHASE_STRIP = NO;
				DEBUG_INFORMATION_FORMAT = "dwarf-with-dsym";
				ENABLE_NS_ASSERTIONS = NO;
				ENABLE_STRICT_OBJC_MSGSEND = YES;
				GCC_C_LANGUAGE_STANDARD = gnu11;
				GCC_NO_COMMON_BLOCKS = YES;
				GCC_WARN_64_TO_32_BIT_CONVERSION = YES;
				GCC_WARN_ABOUT_RETURN_TYPE = YES_ERROR;
				GCC_WARN_UNDECLARED_SELECTOR = YES;
				GCC_WARN_UNINITIALIZED_AUTOS = YES_AGGRESSIVE;
				GCC_WARN_UNUSED_FUNCTION = YES;
				GCC_WARN_UNUSED_VARIABLE = YES;
				IPHONEOS_DEPLOYMENT_TARGET = 16.0;
				MTL_ENABLE_DEBUG_INFO = NO;
				MTL_FAST_MATH = YES;
				SDKROOT = iphoneos;
				SWIFT_COMPILATION_MODE = wholemodule;
				SWIFT_OPTIMIZATION_LEVEL = "-O";
				VALIDATE_PRODUCT = YES;
			};
			name = Release;
		};
		AB58571E2935E258005D48DE /* Debug */ = {
			isa = XCBuildConfiguration;
			buildSettings = {
				ASSETCATALOG_COMPILER_APPICON_NAME = AppIcon;
				ASSETCATALOG_COMPILER_GLOBAL_ACCENT_COLOR_NAME = AccentColor;
				CODE_SIGN_STYLE = Automatic;
				CURRENT_PROJECT_VERSION = 1;
				DEVELOPMENT_TEAM = N3H5YNSQ64;
				GENERATE_INFOPLIST_FILE = YES;
				INFOPLIST_FILE = Kurly/Application/Info.plist;
				INFOPLIST_KEY_UIApplicationSupportsIndirectInputEvents = YES;
				INFOPLIST_KEY_UILaunchStoryboardName = LaunchScreen;
				INFOPLIST_KEY_UIMainStoryboardFile = Main;
				INFOPLIST_KEY_UISupportedInterfaceOrientations_iPad = "UIInterfaceOrientationPortrait UIInterfaceOrientationPortraitUpsideDown UIInterfaceOrientationLandscapeLeft UIInterfaceOrientationLandscapeRight";
				INFOPLIST_KEY_UISupportedInterfaceOrientations_iPhone = "UIInterfaceOrientationPortrait UIInterfaceOrientationLandscapeLeft UIInterfaceOrientationLandscapeRight";
				LD_RUNPATH_SEARCH_PATHS = (
					"$(inherited)",
					"@executable_path/Frameworks",
				);
				MARKETING_VERSION = 1.0;
				PRODUCT_BUNDLE_IDENTIFIER = min.Kurly;
				PRODUCT_NAME = "$(TARGET_NAME)";
				SWIFT_EMIT_LOC_STRINGS = YES;
				SWIFT_VERSION = 5.0;
				TARGETED_DEVICE_FAMILY = "1,2";
			};
			name = Debug;
		};
		AB58571F2935E258005D48DE /* Release */ = {
			isa = XCBuildConfiguration;
			buildSettings = {
				ASSETCATALOG_COMPILER_APPICON_NAME = AppIcon;
				ASSETCATALOG_COMPILER_GLOBAL_ACCENT_COLOR_NAME = AccentColor;
				CODE_SIGN_STYLE = Automatic;
				CURRENT_PROJECT_VERSION = 1;
				DEVELOPMENT_TEAM = N3H5YNSQ64;
				GENERATE_INFOPLIST_FILE = YES;
				INFOPLIST_FILE = Kurly/Application/Info.plist;
				INFOPLIST_KEY_UIApplicationSupportsIndirectInputEvents = YES;
				INFOPLIST_KEY_UILaunchStoryboardName = LaunchScreen;
				INFOPLIST_KEY_UIMainStoryboardFile = Main;
				INFOPLIST_KEY_UISupportedInterfaceOrientations_iPad = "UIInterfaceOrientationPortrait UIInterfaceOrientationPortraitUpsideDown UIInterfaceOrientationLandscapeLeft UIInterfaceOrientationLandscapeRight";
				INFOPLIST_KEY_UISupportedInterfaceOrientations_iPhone = "UIInterfaceOrientationPortrait UIInterfaceOrientationLandscapeLeft UIInterfaceOrientationLandscapeRight";
				LD_RUNPATH_SEARCH_PATHS = (
					"$(inherited)",
					"@executable_path/Frameworks",
				);
				MARKETING_VERSION = 1.0;
				PRODUCT_BUNDLE_IDENTIFIER = min.Kurly;
				PRODUCT_NAME = "$(TARGET_NAME)";
				SWIFT_EMIT_LOC_STRINGS = YES;
				SWIFT_VERSION = 5.0;
				TARGETED_DEVICE_FAMILY = "1,2";
			};
			name = Release;
		};
/* End XCBuildConfiguration section */

/* Begin XCConfigurationList section */
		AB5857042935E257005D48DE /* Build configuration list for PBXProject "Kurly" */ = {
			isa = XCConfigurationList;
			buildConfigurations = (
				AB58571B2935E258005D48DE /* Debug */,
				AB58571C2935E258005D48DE /* Release */,
			);
			defaultConfigurationIsVisible = 0;
			defaultConfigurationName = Release;
		};
		AB58571D2935E258005D48DE /* Build configuration list for PBXNativeTarget "Kurly" */ = {
			isa = XCConfigurationList;
			buildConfigurations = (
				AB58571E2935E258005D48DE /* Debug */,
				AB58571F2935E258005D48DE /* Release */,
			);
			defaultConfigurationIsVisible = 0;
			defaultConfigurationName = Release;
		};
/* End XCConfigurationList section */

/* Begin XCRemoteSwiftPackageReference section */
		ABDC53D02935E2B700D6EF0B /* XCRemoteSwiftPackageReference "SnapKit" */ = {
			isa = XCRemoteSwiftPackageReference;
			repositoryURL = "https://github.com/SnapKit/SnapKit";
			requirement = {
				branch = develop;
				kind = branch;
			};
		};
		ABDC53D32935E2FA00D6EF0B /* XCRemoteSwiftPackageReference "Then" */ = {
			isa = XCRemoteSwiftPackageReference;
			repositoryURL = "https://github.com/devxoul/Then";
			requirement = {
				branch = master;
				kind = branch;
			};
		};
		ABDC53D62935E30500D6EF0B /* XCRemoteSwiftPackageReference "SwiftyColor" */ = {
			isa = XCRemoteSwiftPackageReference;
			repositoryURL = "https://github.com/devxoul/SwiftyColor";
			requirement = {
				branch = master;
				kind = branch;
			};
		};
/* End XCRemoteSwiftPackageReference section */

/* Begin XCSwiftPackageProductDependency section */
		ABDC53D12935E2B800D6EF0B /* SnapKit */ = {
			isa = XCSwiftPackageProductDependency;
			package = ABDC53D02935E2B700D6EF0B /* XCRemoteSwiftPackageReference "SnapKit" */;
			productName = SnapKit;
		};
		ABDC53D42935E2FA00D6EF0B /* Then */ = {
			isa = XCSwiftPackageProductDependency;
			package = ABDC53D32935E2FA00D6EF0B /* XCRemoteSwiftPackageReference "Then" */;
			productName = Then;
		};
		ABDC53D72935E30500D6EF0B /* SwiftyColor */ = {
			isa = XCSwiftPackageProductDependency;
			package = ABDC53D62935E30500D6EF0B /* XCRemoteSwiftPackageReference "SwiftyColor" */;
			productName = SwiftyColor;
		};
/* End XCSwiftPackageProductDependency section */
	};
	rootObject = AB5857012935E257005D48DE /* Project object */;
}
